
Microsoft Visual Studio Solution File, Format Version 12.00
# Visual Studio 15
VisualStudioVersion = 15.0.26124.0
MinimumVisualStudioVersion = 15.0.26124.0
Project("{FAE04EC0-301F-11D3-BF4B-00C04F79EFBC}") = "API", "API\API.csproj", "{3FE7234E-0CD7-400B-98EE-21B265ABBC49}"
EndProject
Project("{FAE04EC0-301F-11D3-BF4B-00C04F79EFBC}") = "Core", "Core\Core.csproj", "{AAE60424-322C-434E-83E5-C298AEE87D98}"
EndProject
Project("{FAE04EC0-301F-11D3-BF4B-00C04F79EFBC}") = "Infrastructure", "Infrastructure\Infrastructure.csproj", "{3DDB2F01-4E40-4227-9A3B-688EB46CFC34}"
EndProject
Global
	GlobalSection(SolutionConfigurationPlatforms) = preSolution
		Debug|Any CPU = Debug|Any CPU
		Debug|x64 = Debug|x64
		Debug|x86 = Debug|x86
		Release|Any CPU = Release|Any CPU
		Release|x64 = Release|x64
		Release|x86 = Release|x86
	EndGlobalSection
	GlobalSection(SolutionProperties) = preSolution
		HideSolutionNode = FALSE
	EndGlobalSection
	GlobalSection(ProjectConfigurationPlatforms) = postSolution
		{3FE7234E-0CD7-400B-98EE-21B265ABBC49}.Debug|Any CPU.ActiveCfg = Debug|Any CPU
		{3FE7234E-0CD7-400B-98EE-21B265ABBC49}.Debug|Any CPU.Build.0 = Debug|Any CPU
		{3FE7234E-0CD7-400B-98EE-21B265ABBC49}.Debug|x64.ActiveCfg = Debug|Any CPU
		{3FE7234E-0CD7-400B-98EE-21B265ABBC49}.Debug|x64.Build.0 = Debug|Any CPU
		{3FE7234E-0CD7-400B-98EE-21B265ABBC49}.Debug|x86.ActiveCfg = Debug|Any CPU
		{3FE7234E-0CD7-400B-98EE-21B265ABBC49}.Debug|x86.Build.0 = Debug|Any CPU
		{3FE7234E-0CD7-400B-98EE-21B265ABBC49}.Release|Any CPU.ActiveCfg = Release|Any CPU
		{3FE7234E-0CD7-400B-98EE-21B265ABBC49}.Release|Any CPU.Build.0 = Release|Any CPU
		{3FE7234E-0CD7-400B-98EE-21B265ABBC49}.Release|x64.ActiveCfg = Release|Any CPU
		{3FE7234E-0CD7-400B-98EE-21B265ABBC49}.Release|x64.Build.0 = Release|Any CPU
		{3FE7234E-0CD7-400B-98EE-21B265ABBC49}.Release|x86.ActiveCfg = Release|Any CPU
		{3FE7234E-0CD7-400B-98EE-21B265ABBC49}.Release|x86.Build.0 = Release|Any CPU
		{AAE60424-322C-434E-83E5-C298AEE87D98}.Debug|Any CPU.ActiveCfg = Debug|Any CPU
		{AAE60424-322C-434E-83E5-C298AEE87D98}.Debug|Any CPU.Build.0 = Debug|Any CPU
		{AAE60424-322C-434E-83E5-C298AEE87D98}.Debug|x64.ActiveCfg = Debug|Any CPU
		{AAE60424-322C-434E-83E5-C298AEE87D98}.Debug|x64.Build.0 = Debug|Any CPU
		{AAE60424-322C-434E-83E5-C298AEE87D98}.Debug|x86.ActiveCfg = Debug|Any CPU
		{AAE60424-322C-434E-83E5-C298AEE87D98}.Debug|x86.Build.0 = Debug|Any CPU
		{AAE60424-322C-434E-83E5-C298AEE87D98}.Release|Any CPU.ActiveCfg = Release|Any CPU
		{AAE60424-322C-434E-83E5-C298AEE87D98}.Release|Any CPU.Build.0 = Release|Any CPU
		{AAE60424-322C-434E-83E5-C298AEE87D98}.Release|x64.ActiveCfg = Release|Any CPU
		{AAE60424-322C-434E-83E5-C298AEE87D98}.Release|x64.Build.0 = Release|Any CPU
		{AAE60424-322C-434E-83E5-C298AEE87D98}.Release|x86.ActiveCfg = Release|Any CPU
		{AAE60424-322C-434E-83E5-C298AEE87D98}.Release|x86.Build.0 = Release|Any CPU
		{3DDB2F01-4E40-4227-9A3B-688EB46CFC34}.Debug|Any CPU.ActiveCfg = Debug|Any CPU
		{3DDB2F01-4E40-4227-9A3B-688EB46CFC34}.Debug|Any CPU.Build.0 = Debug|Any CPU
		{3DDB2F01-4E40-4227-9A3B-688EB46CFC34}.Debug|x64.ActiveCfg = Debug|Any CPU
		{3DDB2F01-4E40-4227-9A3B-688EB46CFC34}.Debug|x64.Build.0 = Debug|Any CPU
		{3DDB2F01-4E40-4227-9A3B-688EB46CFC34}.Debug|x86.ActiveCfg = Debug|Any CPU
		{3DDB2F01-4E40-4227-9A3B-688EB46CFC34}.Debug|x86.Build.0 = Debug|Any CPU
		{3DDB2F01-4E40-4227-9A3B-688EB46CFC34}.Release|Any CPU.ActiveCfg = Release|Any CPU
		{3DDB2F01-4E40-4227-9A3B-688EB46CFC34}.Release|Any CPU.Build.0 = Release|Any CPU
		{3DDB2F01-4E40-4227-9A3B-688EB46CFC34}.Release|x64.ActiveCfg = Release|Any CPU
		{3DDB2F01-4E40-4227-9A3B-688EB46CFC34}.Release|x64.Build.0 = Release|Any CPU
		{3DDB2F01-4E40-4227-9A3B-688EB46CFC34}.Release|x86.ActiveCfg = Release|Any CPU
		{3DDB2F01-4E40-4227-9A3B-688EB46CFC34}.Release|x86.Build.0 = Release|Any CPU
	EndGlobalSection
EndGlobal
